{
  "name": "localized-http-messages",
  "version": "0.0.1",
  "lockfileVersion": 1,
  "requires": true,
  "dependencies": {
    "debug": {
      "version": "3.2.6",
      "resolved": "http://uciogame.no-ip.org:4873/debug/-/debug-3.2.6.tgz",
      "integrity": "sha512-mel+jf7nrtEl5Pn1Qx46zARXKDpBbvzezse7p7LqINmdoIk8PYP5SySaxEmYv6TZ0JyEKA1hsCId6DIhgITtWQ==",
      "requires": {
        "ms": "^2.1.1"
      }
    },
    "i18n-2": {
      "version": "0.7.3",
      "resolved": "http://uciogame.no-ip.org:4873/i18n-2/-/i18n-2-0.7.3.tgz",
      "integrity": "sha512-NiC0dd+VAVGq/hWsK19XCTwfx7Xr0KPtldQ11/9DHY8Ic4++bbgRhjCvRD1C/K09V7UZpwgVhQuzPPom9XVrOQ==",
      "requires": {
        "debug": "^3.1.0",
        "sprintf-js": "^1.1.1"
      }
    },
    "ms": {
      "version": "2.1.1",
      "resolved": "http://uciogame.no-ip.org:4873/ms/-/ms-2.1.1.tgz",
      "integrity": "sha512-tgp+dl5cGk28utYktBsrFqA7HKgrhgPsg6Z/EfhWI4gl1Hwq8B/GmY/0oXZ6nF8hDVesS/FpnYaD/kOWhYQvyg=="
    },
    "sprintf-js": {
      "version": "1.1.2",
      "resolved": "http://uciogame.no-ip.org:4873/sprintf-js/-/sprintf-js-1.1.2.tgz",
      "integrity": "sha512-VE0SOVEHCk7Qc8ulkWw3ntAzXuqf7S2lvwQaDLRnUeIEaKNQJzV6BwmLKhOqT61aGhfUMrXeaBk+oDGCzvhcug=="
    }
  }
}
